
Microsoft Visual Studio Solution File, Format Version 12.00
Project("{FAE04EC0-301F-11D3-BF4B-00C04F79EFBC}") = "PCGuy.Common", "PCGuy.Common\PCGuy.Common.csproj", "{9CF998AC-10A1-43B9-9008-CA1B5A0EC71B}"
EndProject
Project("{FAE04EC0-301F-11D3-BF4B-00C04F79EFBC}") = "PCGuy.Mvc", "PCGuy.Mvc\PCGuy.Mvc.csproj", "{5CB35EE3-657C-4EA2-BF7A-3F5267D9D14A}"
EndProject
Project("{FAE04EC0-301F-11D3-BF4B-00C04F79EFBC}") = "PCGuy.DataAccess", "PCGuy.DataAccess\PCGuy.DataAccess.csproj", "{F4C6FC3F-CE6A-4A21-A0A6-9259351F280D}"
EndProject
Project("{FAE04EC0-301F-11D3-BF4B-00C04F79EFBC}") = "PCGuy.Helpers", "PCGuy.Helpers\PCGuy.Helpers.csproj", "{1A813E34-CCF3-43BC-9280-22A83DC3FB58}"
EndProject
Global
	GlobalSection(SolutionConfigurationPlatforms) = preSolution
		Debug|Any CPU = Debug|Any CPU
		Release|Any CPU = Release|Any CPU
	EndGlobalSection
	GlobalSection(ProjectConfigurationPlatforms) = postSolution
		{9CF998AC-10A1-43B9-9008-CA1B5A0EC71B}.Debug|Any CPU.ActiveCfg = Debug|Any CPU
		{9CF998AC-10A1-43B9-9008-CA1B5A0EC71B}.Debug|Any CPU.Build.0 = Debug|Any CPU
		{9CF998AC-10A1-43B9-9008-CA1B5A0EC71B}.Release|Any CPU.ActiveCfg = Release|Any CPU
		{9CF998AC-10A1-43B9-9008-CA1B5A0EC71B}.Release|Any CPU.Build.0 = Release|Any CPU
		{5CB35EE3-657C-4EA2-BF7A-3F5267D9D14A}.Debug|Any CPU.ActiveCfg = Debug|Any CPU
		{5CB35EE3-657C-4EA2-BF7A-3F5267D9D14A}.Debug|Any CPU.Build.0 = Debug|Any CPU
		{5CB35EE3-657C-4EA2-BF7A-3F5267D9D14A}.Release|Any CPU.ActiveCfg = Release|Any CPU
		{5CB35EE3-657C-4EA2-BF7A-3F5267D9D14A}.Release|Any CPU.Build.0 = Release|Any CPU
		{F4C6FC3F-CE6A-4A21-A0A6-9259351F280D}.Debug|Any CPU.ActiveCfg = Debug|Any CPU
		{F4C6FC3F-CE6A-4A21-A0A6-9259351F280D}.Debug|Any CPU.Build.0 = Debug|Any CPU
		{F4C6FC3F-CE6A-4A21-A0A6-9259351F280D}.Release|Any CPU.ActiveCfg = Release|Any CPU
		{F4C6FC3F-CE6A-4A21-A0A6-9259351F280D}.Release|Any CPU.Build.0 = Release|Any CPU
		{1A813E34-CCF3-43BC-9280-22A83DC3FB58}.Debug|Any CPU.ActiveCfg = Debug|Any CPU
		{1A813E34-CCF3-43BC-9280-22A83DC3FB58}.Debug|Any CPU.Build.0 = Debug|Any CPU
		{1A813E34-CCF3-43BC-9280-22A83DC3FB58}.Release|Any CPU.ActiveCfg = Release|Any CPU
		{1A813E34-CCF3-43BC-9280-22A83DC3FB58}.Release|Any CPU.Build.0 = Release|Any CPU
	EndGlobalSection
EndGlobal
